
Microsoft Visual Studio Solution File, Format Version 12.00
# Visual Studio 14
VisualStudioVersion = 14.0.25420.1
MinimumVisualStudioVersion = 10.0.40219.1
Project("{FAE04EC0-301F-11D3-BF4B-00C04F79EFBC}") = "StudentManagement", "ImplentationMVC\StudentManagement.csproj", "{85549EF7-5D84-453B-843F-187787D9FDC5}"
EndProject
Project("{FAE04EC0-301F-11D3-BF4B-00C04F79EFBC}") = "StudentManagement.Entity", "StudentManagement.Entity\StudentManagement.Entity.csproj", "{3D2905E0-BD2F-4AC8-8C71-A5FB4F4CF020}"
EndProject
Project("{FAE04EC0-301F-11D3-BF4B-00C04F79EFBC}") = "StudentManagement.DAL", "StudentManagement.DAL\StudentManagement.DAL.csproj", "{A3E17CA3-1248-4772-BD11-53C2CE1E1CB5}"
EndProject
Global
	GlobalSection(SolutionConfigurationPlatforms) = preSolution
		Debug|Any CPU = Debug|Any CPU
		Release|Any CPU = Release|Any CPU
	EndGlobalSection
	GlobalSection(ProjectConfigurationPlatforms) = postSolution
		{85549EF7-5D84-453B-843F-187787D9FDC5}.Debug|Any CPU.ActiveCfg = Debug|Any CPU
		{85549EF7-5D84-453B-843F-187787D9FDC5}.Debug|Any CPU.Build.0 = Debug|Any CPU
		{85549EF7-5D84-453B-843F-187787D9FDC5}.Release|Any CPU.ActiveCfg = Release|Any CPU
		{85549EF7-5D84-453B-843F-187787D9FDC5}.Release|Any CPU.Build.0 = Release|Any CPU
		{3D2905E0-BD2F-4AC8-8C71-A5FB4F4CF020}.Debug|Any CPU.ActiveCfg = Debug|Any CPU
		{3D2905E0-BD2F-4AC8-8C71-A5FB4F4CF020}.Debug|Any CPU.Build.0 = Debug|Any CPU
		{3D2905E0-BD2F-4AC8-8C71-A5FB4F4CF020}.Release|Any CPU.ActiveCfg = Release|Any CPU
		{3D2905E0-BD2F-4AC8-8C71-A5FB4F4CF020}.Release|Any CPU.Build.0 = Release|Any CPU
		{A3E17CA3-1248-4772-BD11-53C2CE1E1CB5}.Debug|Any CPU.ActiveCfg = Debug|Any CPU
		{A3E17CA3-1248-4772-BD11-53C2CE1E1CB5}.Debug|Any CPU.Build.0 = Debug|Any CPU
		{A3E17CA3-1248-4772-BD11-53C2CE1E1CB5}.Release|Any CPU.ActiveCfg = Release|Any CPU
		{A3E17CA3-1248-4772-BD11-53C2CE1E1CB5}.Release|Any CPU.Build.0 = Release|Any CPU
	EndGlobalSection
	GlobalSection(SolutionProperties) = preSolution
		HideSolutionNode = FALSE
	EndGlobalSection
EndGlobal
